// !$*UTF8*$!
{
	archiveVersion = 1;
	classes = {
	};
	objectVersion = 55;
	objects = {

/* Begin PBXBuildFile section */
		48CFD33B2820A01E00D06965 /* LoginView.swift in Sources */ = {isa = PBXBuildFile; fileRef = 48CFD33A2820A01E00D06965 /* LoginView.swift */; };
		48CFD33E2820A0D200D06965 /* Colors.swift in Sources */ = {isa = PBXBuildFile; fileRef = 48CFD33D2820A0D200D06965 /* Colors.swift */; };
		48CFD3402820A91E00D06965 /* loginBeer.json in Resources */ = {isa = PBXBuildFile; fileRef = 48CFD33F2820A91E00D06965 /* loginBeer.json */; };
		48CFD3422820B04700D06965 /* RoundedImage.swift in Sources */ = {isa = PBXBuildFile; fileRef = 48CFD3412820B04700D06965 /* RoundedImage.swift */; };
		48CFD3462820B50B00D06965 /* HomeViewController.swift in Sources */ = {isa = PBXBuildFile; fileRef = 48CFD3452820B50B00D06965 /* HomeViewController.swift */; };
		48D4CEF82820958300A86078 /* AppDelegate.swift in Sources */ = {isa = PBXBuildFile; fileRef = 48D4CEF72820958300A86078 /* AppDelegate.swift */; };
		48D4CEFA2820958300A86078 /* SceneDelegate.swift in Sources */ = {isa = PBXBuildFile; fileRef = 48D4CEF92820958300A86078 /* SceneDelegate.swift */; };
		48D4CEFC2820958300A86078 /* LoginViewController.swift in Sources */ = {isa = PBXBuildFile; fileRef = 48D4CEFB2820958300A86078 /* LoginViewController.swift */; };
		48D4CF012820958500A86078 /* Assets.xcassets in Resources */ = {isa = PBXBuildFile; fileRef = 48D4CF002820958500A86078 /* Assets.xcassets */; };
		48D4CF042820958500A86078 /* LaunchScreen.storyboard in Resources */ = {isa = PBXBuildFile; fileRef = 48D4CF022820958500A86078 /* LaunchScreen.storyboard */; };
		48D4CF0D2820981400A86078 /* Lottie in Frameworks */ = {isa = PBXBuildFile; productRef = 48D4CF0C2820981400A86078 /* Lottie */; };
		48D4CF0F2820994600A86078 /* launchBeer.json in Resources */ = {isa = PBXBuildFile; fileRef = 48D4CF0E2820994600A86078 /* launchBeer.json */; };
/* End PBXBuildFile section */

/* Begin PBXFileReference section */
		48CFD33A2820A01E00D06965 /* LoginView.swift */ = {isa = PBXFileReference; lastKnownFileType = sourcecode.swift; path = LoginView.swift; sourceTree = "<group>"; };
		48CFD33D2820A0D200D06965 /* Colors.swift */ = {isa = PBXFileReference; lastKnownFileType = sourcecode.swift; path = Colors.swift; sourceTree = "<group>"; };
		48CFD33F2820A91E00D06965 /* loginBeer.json */ = {isa = PBXFileReference; fileEncoding = 4; lastKnownFileType = text.json; path = loginBeer.json; sourceTree = "<group>"; };
		48CFD3412820B04700D06965 /* RoundedImage.swift */ = {isa = PBXFileReference; lastKnownFileType = sourcecode.swift; path = RoundedImage.swift; sourceTree = "<group>"; };
		48CFD3452820B50B00D06965 /* HomeViewController.swift */ = {isa = PBXFileReference; lastKnownFileType = sourcecode.swift; path = HomeViewController.swift; sourceTree = "<group>"; };
		48D4CEF42820958300A86078 /* ProjectBeerYBeer.app */ = {isa = PBXFileReference; explicitFileType = wrapper.application; includeInIndex = 0; path = ProjectBeerYBeer.app; sourceTree = BUILT_PRODUCTS_DIR; };
		48D4CEF72820958300A86078 /* AppDelegate.swift */ = {isa = PBXFileReference; lastKnownFileType = sourcecode.swift; path = AppDelegate.swift; sourceTree = "<group>"; };
		48D4CEF92820958300A86078 /* SceneDelegate.swift */ = {isa = PBXFileReference; lastKnownFileType = sourcecode.swift; path = SceneDelegate.swift; sourceTree = "<group>"; };
		48D4CEFB2820958300A86078 /* LoginViewController.swift */ = {isa = PBXFileReference; lastKnownFileType = sourcecode.swift; path = LoginViewController.swift; sourceTree = "<group>"; };
		48D4CF002820958500A86078 /* Assets.xcassets */ = {isa = PBXFileReference; lastKnownFileType = folder.assetcatalog; path = Assets.xcassets; sourceTree = "<group>"; };
		48D4CF032820958500A86078 /* Base */ = {isa = PBXFileReference; lastKnownFileType = file.storyboard; name = Base; path = Base.lproj/LaunchScreen.storyboard; sourceTree = "<group>"; };
		48D4CF052820958500A86078 /* Info.plist */ = {isa = PBXFileReference; lastKnownFileType = text.plist.xml; path = Info.plist; sourceTree = "<group>"; };
		48D4CF0E2820994600A86078 /* launchBeer.json */ = {isa = PBXFileReference; fileEncoding = 4; lastKnownFileType = text.json; path = launchBeer.json; sourceTree = "<group>"; };
/* End PBXFileReference section */

/* Begin PBXFrameworksBuildPhase section */
		48D4CEF12820958300A86078 /* Frameworks */ = {
			isa = PBXFrameworksBuildPhase;
			buildActionMask = 2147483647;
			files = (
				48D4CF0D2820981400A86078 /* Lottie in Frameworks */,
			);
			runOnlyForDeploymentPostprocessing = 0;
		};
/* End PBXFrameworksBuildPhase section */

/* Begin PBXGroup section */
		487DAF7028209E3E00E7015A /* Model */ = {
			isa = PBXGroup;
			children = (
				48CFD33D2820A0D200D06965 /* Colors.swift */,
			);
			path = Model;
			sourceTree = "<group>";
		};
		487DAF7128209E4B00E7015A /* View */ = {
			isa = PBXGroup;
			children = (
				48CFD3442820B4DF00D06965 /* Home */,
				48CFD3432820B4D200D06965 /* Login */,
			);
			path = View;
			sourceTree = "<group>";
		};
		487DAF7228209E5400E7015A /* ViewModel */ = {
			isa = PBXGroup;
			children = (
			);
			path = ViewModel;
			sourceTree = "<group>";
		};
		487DAF7328209E5D00E7015A /* Files */ = {
			isa = PBXGroup;
			children = (
				48D4CF0E2820994600A86078 /* launchBeer.json */,
				48CFD33F2820A91E00D06965 /* loginBeer.json */,
				48D4CF022820958500A86078 /* LaunchScreen.storyboard */,
				48D4CF002820958500A86078 /* Assets.xcassets */,
			);
			path = Files;
			sourceTree = "<group>";
		};
		48CFD33C2820A0B600D06965 /* Commons */ = {
			isa = PBXGroup;
			children = (
				48CFD3412820B04700D06965 /* RoundedImage.swift */,
			);
			path = Commons;
			sourceTree = "<group>";
		};
		48CFD3432820B4D200D06965 /* Login */ = {
			isa = PBXGroup;
			children = (
				48CFD33A2820A01E00D06965 /* LoginView.swift */,
				48D4CEFB2820958300A86078 /* LoginViewController.swift */,
			);
			path = Login;
			sourceTree = "<group>";
		};
		48CFD3442820B4DF00D06965 /* Home */ = {
			isa = PBXGroup;
			children = (
				48CFD3452820B50B00D06965 /* HomeViewController.swift */,
			);
			path = Home;
			sourceTree = "<group>";
		};
		48D4CEEB2820958300A86078 = {
			isa = PBXGroup;
			children = (
				48D4CEF62820958300A86078 /* ProjectBeerYBeer */,
				48D4CEF52820958300A86078 /* Products */,
			);
			sourceTree = "<group>";
		};
		48D4CEF52820958300A86078 /* Products */ = {
			isa = PBXGroup;
			children = (
				48D4CEF42820958300A86078 /* ProjectBeerYBeer.app */,
			);
			name = Products;
			sourceTree = "<group>";
		};
		48D4CEF62820958300A86078 /* ProjectBeerYBeer */ = {
			isa = PBXGroup;
			children = (
				48D4CEF72820958300A86078 /* AppDelegate.swift */,
				48D4CEF92820958300A86078 /* SceneDelegate.swift */,
				48D4CF052820958500A86078 /* Info.plist */,
				48CFD33C2820A0B600D06965 /* Commons */,
				487DAF7328209E5D00E7015A /* Files */,
				487DAF7228209E5400E7015A /* ViewModel */,
				487DAF7128209E4B00E7015A /* View */,
				487DAF7028209E3E00E7015A /* Model */,
			);
			path = ProjectBeerYBeer;
			sourceTree = "<group>";
		};
/* End PBXGroup section */

/* Begin PBXNativeTarget section */
		48D4CEF32820958300A86078 /* ProjectBeerYBeer */ = {
			isa = PBXNativeTarget;
			buildConfigurationList = 48D4CF082820958500A86078 /* Build configuration list for PBXNativeTarget "ProjectBeerYBeer" */;
			buildPhases = (
				48D4CEF02820958300A86078 /* Sources */,
				48D4CEF12820958300A86078 /* Frameworks */,
				48D4CEF22820958300A86078 /* Resources */,
			);
			buildRules = (
			);
			dependencies = (
			);
			name = ProjectBeerYBeer;
			packageProductDependencies = (
				48D4CF0C2820981400A86078 /* Lottie */,
			);
			productName = ProjectBeerYBeer;
			productReference = 48D4CEF42820958300A86078 /* ProjectBeerYBeer.app */;
			productType = "com.apple.product-type.application";
		};
/* End PBXNativeTarget section */

/* Begin PBXProject section */
		48D4CEEC2820958300A86078 /* Project object */ = {
			isa = PBXProject;
			attributes = {
				BuildIndependentTargetsInParallel = 1;
				LastSwiftUpdateCheck = 1300;
				LastUpgradeCheck = 1300;
				TargetAttributes = {
					48D4CEF32820958300A86078 = {
						CreatedOnToolsVersion = 13.0;
					};
				};
			};
			buildConfigurationList = 48D4CEEF2820958300A86078 /* Build configuration list for PBXProject "ProjectBeerYBeer" */;
			compatibilityVersion = "Xcode 13.0";
			developmentRegion = en;
			hasScannedForEncodings = 0;
			knownRegions = (
				en,
				Base,
			);
			mainGroup = 48D4CEEB2820958300A86078;
			packageReferences = (
				48D4CF0B2820981400A86078 /* XCRemoteSwiftPackageReference "lottie-ios" */,
			);
			productRefGroup = 48D4CEF52820958300A86078 /* Products */;
			projectDirPath = "";
			projectRoot = "";
			targets = (
				48D4CEF32820958300A86078 /* ProjectBeerYBeer */,
			);
		};
/* End PBXProject section */

/* Begin PBXResourcesBuildPhase section */
		48D4CEF22820958300A86078 /* Resources */ = {
			isa = PBXResourcesBuildPhase;
			buildActionMask = 2147483647;
			files = (
				48D4CF042820958500A86078 /* LaunchScreen.storyboard in Resources */,
				48CFD3402820A91E00D06965 /* loginBeer.json in Resources */,
				48D4CF0F2820994600A86078 /* launchBeer.json in Resources */,
				48D4CF012820958500A86078 /* Assets.xcassets in Resources */,
			);
			runOnlyForDeploymentPostprocessing = 0;
		};
/* End PBXResourcesBuildPhase section */

/* Begin PBXSourcesBuildPhase section */
		48D4CEF02820958300A86078 /* Sources */ = {
			isa = PBXSourcesBuildPhase;
			buildActionMask = 2147483647;
			files = (
				48D4CEFC2820958300A86078 /* LoginViewController.swift in Sources */,
				48CFD33E2820A0D200D06965 /* Colors.swift in Sources */,
				48D4CEF82820958300A86078 /* AppDelegate.swift in Sources */,
				48CFD3422820B04700D06965 /* RoundedImage.swift in Sources */,
				48CFD33B2820A01E00D06965 /* LoginView.swift in Sources */,
				48CFD3462820B50B00D06965 /* HomeViewController.swift in Sources */,
				48D4CEFA2820958300A86078 /* SceneDelegate.swift in Sources */,
			);
			runOnlyForDeploymentPostprocessing = 0;
		};
/* End PBXSourcesBuildPhase section */

/* Begin PBXVariantGroup section */
		48D4CF022820958500A86078 /* LaunchScreen.storyboard */ = {
			isa = PBXVariantGroup;
			children = (
				48D4CF032820958500A86078 /* Base */,
			);
			name = LaunchScreen.storyboard;
			sourceTree = "<group>";
		};
/* End PBXVariantGroup section */

/* Begin XCBuildConfiguration section */
		48D4CF062820958500A86078 /* Debug */ = {
			isa = XCBuildConfiguration;
			buildSettings = {
				ALWAYS_SEARCH_USER_PATHS = NO;
				CLANG_ANALYZER_NONNULL = YES;
				CLANG_ANALYZER_NUMBER_OBJECT_CONVERSION = YES_AGGRESSIVE;
				CLANG_CXX_LANGUAGE_STANDARD = "gnu++17";
				CLANG_CXX_LIBRARY = "libc++";
				CLANG_ENABLE_MODULES = YES;
				CLANG_ENABLE_OBJC_ARC = YES;
				CLANG_ENABLE_OBJC_WEAK = YES;
				CLANG_WARN_BLOCK_CAPTURE_AUTORELEASING = YES;
				CLANG_WARN_BOOL_CONVERSION = YES;
				CLANG_WARN_COMMA = YES;
				CLANG_WARN_CONSTANT_CONVERSION = YES;
				CLANG_WARN_DEPRECATED_OBJC_IMPLEMENTATIONS = YES;
				CLANG_WARN_DIRECT_OBJC_ISA_USAGE = YES_ERROR;
				CLANG_WARN_DOCUMENTATION_COMMENTS = YES;
				CLANG_WARN_EMPTY_BODY = YES;
				CLANG_WARN_ENUM_CONVERSION = YES;
				CLANG_WARN_INFINITE_RECURSION = YES;
				CLANG_WARN_INT_CONVERSION = YES;
				CLANG_WARN_NON_LITERAL_NULL_CONVERSION = YES;
				CLANG_WARN_OBJC_IMPLICIT_RETAIN_SELF = YES;
				CLANG_WARN_OBJC_LITERAL_CONVERSION = YES;
				CLANG_WARN_OBJC_ROOT_CLASS = YES_ERROR;
				CLANG_WARN_QUOTED_INCLUDE_IN_FRAMEWORK_HEADER = YES;
				CLANG_WARN_RANGE_LOOP_ANALYSIS = YES;
				CLANG_WARN_STRICT_PROTOTYPES = YES;
				CLANG_WARN_SUSPICIOUS_MOVE = YES;
				CLANG_WARN_UNGUARDED_AVAILABILITY = YES_AGGRESSIVE;
				CLANG_WARN_UNREACHABLE_CODE = YES;
				CLANG_WARN__DUPLICATE_METHOD_MATCH = YES;
				COPY_PHASE_STRIP = NO;
				DEBUG_INFORMATION_FORMAT = dwarf;
				ENABLE_STRICT_OBJC_MSGSEND = YES;
				ENABLE_TESTABILITY = YES;
				GCC_C_LANGUAGE_STANDARD = gnu11;
				GCC_DYNAMIC_NO_PIC = NO;
				GCC_NO_COMMON_BLOCKS = YES;
				GCC_OPTIMIZATION_LEVEL = 0;
				GCC_PREPROCESSOR_DEFINITIONS = (
					"DEBUG=1",
					"$(inherited)",
				);
				GCC_WARN_64_TO_32_BIT_CONVERSION = YES;
				GCC_WARN_ABOUT_RETURN_TYPE = YES_ERROR;
				GCC_WARN_UNDECLARED_SELECTOR = YES;
				GCC_WARN_UNINITIALIZED_AUTOS = YES_AGGRESSIVE;
				GCC_WARN_UNUSED_FUNCTION = YES;
				GCC_WARN_UNUSED_VARIABLE = YES;
				IPHONEOS_DEPLOYMENT_TARGET = 15.0;
				MTL_ENABLE_DEBUG_INFO = INCLUDE_SOURCE;
				MTL_FAST_MATH = YES;
				ONLY_ACTIVE_ARCH = YES;
				SDKROOT = iphoneos;
				SWIFT_ACTIVE_COMPILATION_CONDITIONS = DEBUG;
				SWIFT_OPTIMIZATION_LEVEL = "-Onone";
			};
			name = Debug;
		};
		48D4CF072820958500A86078 /* Release */ = {
			isa = XCBuildConfiguration;
			buildSettings = {
				ALWAYS_SEARCH_USER_PATHS = NO;
				CLANG_ANALYZER_NONNULL = YES;
				CLANG_ANALYZER_NUMBER_OBJECT_CONVERSION = YES_AGGRESSIVE;
				CLANG_CXX_LANGUAGE_STANDARD = "gnu++17";
				CLANG_CXX_LIBRARY = "libc++";
				CLANG_ENABLE_MODULES = YES;
				CLANG_ENABLE_OBJC_ARC = YES;
				CLANG_ENABLE_OBJC_WEAK = YES;
				CLANG_WARN_BLOCK_CAPTURE_AUTORELEASING = YES;
				CLANG_WARN_BOOL_CONVERSION = YES;
				CLANG_WARN_COMMA = YES;
				CLANG_WARN_CONSTANT_CONVERSION = YES;
				CLANG_WARN_DEPRECATED_OBJC_IMPLEMENTATIONS = YES;
				CLANG_WARN_DIRECT_OBJC_ISA_USAGE = YES_ERROR;
				CLANG_WARN_DOCUMENTATION_COMMENTS = YES;
				CLANG_WARN_EMPTY_BODY = YES;
				CLANG_WARN_ENUM_CONVERSION = YES;
				CLANG_WARN_INFINITE_RECURSION = YES;
				CLANG_WARN_INT_CONVERSION = YES;
				CLANG_WARN_NON_LITERAL_NULL_CONVERSION = YES;
				CLANG_WARN_OBJC_IMPLICIT_RETAIN_SELF = YES;
				CLANG_WARN_OBJC_LITERAL_CONVERSION = YES;
				CLANG_WARN_OBJC_ROOT_CLASS = YES_ERROR;
				CLANG_WARN_QUOTED_INCLUDE_IN_FRAMEWORK_HEADER = YES;
				CLANG_WARN_RANGE_LOOP_ANALYSIS = YES;
				CLANG_WARN_STRICT_PROTOTYPES = YES;
				CLANG_WARN_SUSPICIOUS_MOVE = YES;
				CLANG_WARN_UNGUARDED_AVAILABILITY = YES_AGGRESSIVE;
				CLANG_WARN_UNREACHABLE_CODE = YES;
				CLANG_WARN__DUPLICATE_METHOD_MATCH = YES;
				COPY_PHASE_STRIP = NO;
				DEBUG_INFORMATION_FORMAT = "dwarf-with-dsym";
				ENABLE_NS_ASSERTIONS = NO;
				ENABLE_STRICT_OBJC_MSGSEND = YES;
				GCC_C_LANGUAGE_STANDARD = gnu11;
				GCC_NO_COMMON_BLOCKS = YES;
				GCC_WARN_64_TO_32_BIT_CONVERSION = YES;
				GCC_WARN_ABOUT_RETURN_TYPE = YES_ERROR;
				GCC_WARN_UNDECLARED_SELECTOR = YES;
				GCC_WARN_UNINITIALIZED_AUTOS = YES_AGGRESSIVE;
				GCC_WARN_UNUSED_FUNCTION = YES;
				GCC_WARN_UNUSED_VARIABLE = YES;
				IPHONEOS_DEPLOYMENT_TARGET = 15.0;
				MTL_ENABLE_DEBUG_INFO = NO;
				MTL_FAST_MATH = YES;
				SDKROOT = iphoneos;
				SWIFT_COMPILATION_MODE = wholemodule;
				SWIFT_OPTIMIZATION_LEVEL = "-O";
				VALIDATE_PRODUCT = YES;
			};
			name = Release;
		};
		48D4CF092820958500A86078 /* Debug */ = {
			isa = XCBuildConfiguration;
			buildSettings = {
				ASSETCATALOG_COMPILER_APPICON_NAME = AppIcon;
				ASSETCATALOG_COMPILER_GLOBAL_ACCENT_COLOR_NAME = AccentColor;
				CODE_SIGN_STYLE = Automatic;
				CURRENT_PROJECT_VERSION = 1;
				GENERATE_INFOPLIST_FILE = YES;
				INFOPLIST_FILE = ProjectBeerYBeer/Info.plist;
				INFOPLIST_KEY_UIApplicationSupportsIndirectInputEvents = YES;
				INFOPLIST_KEY_UILaunchStoryboardName = LaunchScreen;
				INFOPLIST_KEY_UISupportedInterfaceOrientations_iPad = "UIInterfaceOrientationPortrait UIInterfaceOrientationPortraitUpsideDown UIInterfaceOrientationLandscapeLeft UIInterfaceOrientationLandscapeRight";
				INFOPLIST_KEY_UISupportedInterfaceOrientations_iPhone = "UIInterfaceOrientationPortrait UIInterfaceOrientationLandscapeLeft UIInterfaceOrientationLandscapeRight";
				LD_RUNPATH_SEARCH_PATHS = (
					"$(inherited)",
					"@executable_path/Frameworks",
				);
				MARKETING_VERSION = 1.0;
				PRODUCT_BUNDLE_IDENTIFIER = com.morona.ProjectBeerYBeer;
				PRODUCT_NAME = "$(TARGET_NAME)";
				SWIFT_EMIT_LOC_STRINGS = YES;
				SWIFT_VERSION = 5.0;
				TARGETED_DEVICE_FAMILY = "1,2";
			};
			name = Debug;
		};
		48D4CF0A2820958500A86078 /* Release */ = {
			isa = XCBuildConfiguration;
			buildSettings = {
				ASSETCATALOG_COMPILER_APPICON_NAME = AppIcon;
				ASSETCATALOG_COMPILER_GLOBAL_ACCENT_COLOR_NAME = AccentColor;
				CODE_SIGN_STYLE = Automatic;
				CURRENT_PROJECT_VERSION = 1;
				GENERATE_INFOPLIST_FILE = YES;
				INFOPLIST_FILE = ProjectBeerYBeer/Info.plist;
				INFOPLIST_KEY_UIApplicationSupportsIndirectInputEvents = YES;
				INFOPLIST_KEY_UILaunchStoryboardName = LaunchScreen;
				INFOPLIST_KEY_UISupportedInterfaceOrientations_iPad = "UIInterfaceOrientationPortrait UIInterfaceOrientationPortraitUpsideDown UIInterfaceOrientationLandscapeLeft UIInterfaceOrientationLandscapeRight";
				INFOPLIST_KEY_UISupportedInterfaceOrientations_iPhone = "UIInterfaceOrientationPortrait UIInterfaceOrientationLandscapeLeft UIInterfaceOrientationLandscapeRight";
				LD_RUNPATH_SEARCH_PATHS = (
					"$(inherited)",
					"@executable_path/Frameworks",
				);
				MARKETING_VERSION = 1.0;
				PRODUCT_BUNDLE_IDENTIFIER = com.morona.ProjectBeerYBeer;
				PRODUCT_NAME = "$(TARGET_NAME)";
				SWIFT_EMIT_LOC_STRINGS = YES;
				SWIFT_VERSION = 5.0;
				TARGETED_DEVICE_FAMILY = "1,2";
			};
			name = Release;
		};
/* End XCBuildConfiguration section */

/* Begin XCConfigurationList section */
		48D4CEEF2820958300A86078 /* Build configuration list for PBXProject "ProjectBeerYBeer" */ = {
			isa = XCConfigurationList;
			buildConfigurations = (
				48D4CF062820958500A86078 /* Debug */,
				48D4CF072820958500A86078 /* Release */,
			);
			defaultConfigurationIsVisible = 0;
			defaultConfigurationName = Release;
		};
		48D4CF082820958500A86078 /* Build configuration list for PBXNativeTarget "ProjectBeerYBeer" */ = {
			isa = XCConfigurationList;
			buildConfigurations = (
				48D4CF092820958500A86078 /* Debug */,
				48D4CF0A2820958500A86078 /* Release */,
			);
			defaultConfigurationIsVisible = 0;
			defaultConfigurationName = Release;
		};
/* End XCConfigurationList section */

/* Begin XCRemoteSwiftPackageReference section */
		48D4CF0B2820981400A86078 /* XCRemoteSwiftPackageReference "lottie-ios" */ = {
			isa = XCRemoteSwiftPackageReference;
			repositoryURL = "https://github.com/airbnb/lottie-ios.git";
			requirement = {
				kind = upToNextMajorVersion;
				minimumVersion = 3.0.0;
			};
		};
/* End XCRemoteSwiftPackageReference section */

/* Begin XCSwiftPackageProductDependency section */
		48D4CF0C2820981400A86078 /* Lottie */ = {
			isa = XCSwiftPackageProductDependency;
			package = 48D4CF0B2820981400A86078 /* XCRemoteSwiftPackageReference "lottie-ios" */;
			productName = Lottie;
		};
/* End XCSwiftPackageProductDependency section */
	};
	rootObject = 48D4CEEC2820958300A86078 /* Project object */;
}
